
Microsoft Visual Studio Solution File, Format Version 12.00
# Visual Studio 15
VisualStudioVersion = 15.0.27428.2043
MinimumVisualStudioVersion = 10.0.40219.1
Project("{FAE04EC0-301F-11D3-BF4B-00C04F79EFBC}") = "Plutus.Api", "Plutus.Api\Plutus.Api.csproj", "{1E96DF79-6732-40E5-BB60-3C6A9DCE8167}"
EndProject
Global
	GlobalSection(SolutionConfigurationPlatforms) = preSolution
		Debug|Any CPU = Debug|Any CPU
		Release|Any CPU = Release|Any CPU
	EndGlobalSection
	GlobalSection(ProjectConfigurationPlatforms) = postSolution
		{1E96DF79-6732-40E5-BB60-3C6A9DCE8167}.Debug|Any CPU.ActiveCfg = Debug|Any CPU
		{1E96DF79-6732-40E5-BB60-3C6A9DCE8167}.Debug|Any CPU.Build.0 = Debug|Any CPU
		{1E96DF79-6732-40E5-BB60-3C6A9DCE8167}.Release|Any CPU.ActiveCfg = Release|Any CPU
		{1E96DF79-6732-40E5-BB60-3C6A9DCE8167}.Release|Any CPU.Build.0 = Release|Any CPU
	EndGlobalSection
	GlobalSection(SolutionProperties) = preSolution
		HideSolutionNode = FALSE
	EndGlobalSection
	GlobalSection(ExtensibilityGlobals) = postSolution
		SolutionGuid = {B60EE7A8-6173-400F-836F-7B3D9394C7A2}
	EndGlobalSection
EndGlobal
